
Microsoft Visual Studio Solution File, Format Version 12.00
# Visual Studio Version 16
VisualStudioVersion = 16.0.30907.101
MinimumVisualStudioVersion = 10.0.40219.1
Project("{9A19103F-16F7-4668-BE54-9A1E7A4F7556}") = "Count", "Count\Count.csproj", "{7014381A-25AE-47E0-B0DC-B1F8CDA4EBFD}"
EndProject
Project("{FAE04EC0-301F-11D3-BF4B-00C04F79EFBC}") = "Search", "Search\Search.csproj", "{211ABD5B-0A6A-4E39-AFD0-17C078AC413E}"
EndProject
Global
	GlobalSection(SolutionConfigurationPlatforms) = preSolution
		Debug|Any CPU = Debug|Any CPU
		Release|Any CPU = Release|Any CPU
	EndGlobalSection
	GlobalSection(ProjectConfigurationPlatforms) = postSolution
		{7014381A-25AE-47E0-B0DC-B1F8CDA4EBFD}.Debug|Any CPU.ActiveCfg = Debug|Any CPU
		{7014381A-25AE-47E0-B0DC-B1F8CDA4EBFD}.Debug|Any CPU.Build.0 = Debug|Any CPU
		{7014381A-25AE-47E0-B0DC-B1F8CDA4EBFD}.Release|Any CPU.ActiveCfg = Release|Any CPU
		{7014381A-25AE-47E0-B0DC-B1F8CDA4EBFD}.Release|Any CPU.Build.0 = Release|Any CPU
		{211ABD5B-0A6A-4E39-AFD0-17C078AC413E}.Debug|Any CPU.ActiveCfg = Debug|Any CPU
		{211ABD5B-0A6A-4E39-AFD0-17C078AC413E}.Debug|Any CPU.Build.0 = Debug|Any CPU
		{211ABD5B-0A6A-4E39-AFD0-17C078AC413E}.Release|Any CPU.ActiveCfg = Release|Any CPU
		{211ABD5B-0A6A-4E39-AFD0-17C078AC413E}.Release|Any CPU.Build.0 = Release|Any CPU
	EndGlobalSection
	GlobalSection(SolutionProperties) = preSolution
		HideSolutionNode = FALSE
	EndGlobalSection
	GlobalSection(ExtensibilityGlobals) = postSolution
		SolutionGuid = {AF110BD8-26F5-4B6F-BBDA-A8254F42F80F}
	EndGlobalSection
EndGlobal
